# THIS IS AN AUTOGENERATED FILE. DO NOT EDIT THIS FILE DIRECTLY.
# yarn lockfile v1


"@popperjs/core@^2.9.0":
  version "2.11.5"
  resolved "https://registry.yarnpkg.com/@popperjs/core/-/core-2.11.5.tgz#db5a11bf66bdab39569719555b0f76e138d7bd64"
  integrity sha512-9X2obfABZuDVLCgPK9aX0a/x4jaOEweTTWE2+9sr0Qqqevj2Uv5XorvusThmc9XGYpS9yI+fhh8RTafBtGposw==

"@tiptap/core@^2.0.0-beta.175":
  version "2.0.0-beta.176"
  resolved "https://registry.yarnpkg.com/@tiptap/core/-/core-2.0.0-beta.176.tgz#a8bb9b57d2ecf77b6cd02340324626ef3e336a15"
  integrity sha512-Gs/+yUYTNpt8PnclEHbfBnY56D/9PpKTyzrg8VZwCFK9S69aVD2dqLsYs/Gn+EjzKImXRAiqSe1/FWcNEDkmCg==
  dependencies:
    "@types/prosemirror-commands" "^1.0.4"
    "@types/prosemirror-keymap" "^1.0.4"
    "@types/prosemirror-model" "^1.16.0"
    "@types/prosemirror-schema-list" "^1.0.3"
    "@types/prosemirror-state" "^1.2.8"
    "@types/prosemirror-transform" "^1.1.5"
    "@types/prosemirror-view" "^1.23.1"
    prosemirror-commands "^1.2.1"
    prosemirror-keymap "^1.1.5"
    prosemirror-model "^1.16.1"
    prosemirror-schema-list "^1.1.6"
    prosemirror-state "^1.3.4"
    prosemirror-transform "^1.3.3"
    prosemirror-view "^1.23.6"

"@tiptap/extension-blockquote@^2.0.0-beta.26":
  version "2.0.0-beta.26"
  resolved "https://registry.yarnpkg.com/@tiptap/extension-blockquote/-/extension-blockquote-2.0.0-beta.26.tgz#e5ae4b7bd9376db37407a23e22080c7b11287f3b"
  integrity sha512-A6yjcYovONJfOjQFk6vDYXswaCdCtCwjL7w9VTB0R2DLTuJvvRt9DWN0IDcMrj5G+aMgDq4GUUTitv+2Y8krDg==

"@tiptap/extension-bold@^2.0.0-beta.26":
  version "2.0.0-beta.26"
  resolved "https://registry.yarnpkg.com/@tiptap/extension-bold/-/extension-bold-2.0.0-beta.26.tgz#aa1c7850df28cec8e0614fde437183bd4ae3e66b"
  integrity sha512-pnO0I5sEQM3pmowjMGQ74adLzvc6HqGyLyqMizaGMicPu9uTYlSdId+qckYEEgPwPMaEShtv2Vg+ZHs7KVqfcg==

"@tiptap/extension-bubble-menu@^2.0.0-beta.56":
  version "2.0.0-beta.56"
  resolved "https://registry.yarnpkg.com/@tiptap/extension-bubble-menu/-/extension-bubble-menu-2.0.0-beta.56.tgz#d99cb673610a3af7e12444f4538463c7c58bfa04"
  integrity sha512-nZozwauICdaNPmDPrSn1JFd/9/2rLtK8i2vBOcqxWHObVROvu8ZlJspnrJv23vS6P7/ZO3e/QLVHpnn+1yVq3g==
  dependencies:
    prosemirror-state "^1.3.4"
    prosemirror-view "^1.23.6"
    tippy.js "^6.3.7"

"@tiptap/extension-bullet-list@^2.0.0-beta.26":
  version "2.0.0-beta.26"
  resolved "https://registry.yarnpkg.com/@tiptap/extension-bullet-list/-/extension-bullet-list-2.0.0-beta.26.tgz#b42126d2d984c04041b14037e8d3ec1bcf16e7ec"
  integrity sha512-1n5HV8gY1tLjPk4x48nva6SZlFHoPlRfF6pqSu9JcJxPO7FUSPxUokuz4swYNe0LRrtykfyNz44dUcxKVhoFow==

"@tiptap/extension-code-block-lowlight@^2.0.0-beta.68":
  version "2.0.0-beta.68"
  resolved "https://registry.yarnpkg.com/@tiptap/extension-code-block-lowlight/-/extension-code-block-lowlight-2.0.0-beta.68.tgz#c0da8c327eb2b49d808e3ead303f6ff6b0203e05"
  integrity sha512-927vw4DJ5pq3lYOdJbBrCjJZ/YsbsEzWkb7SwRsaztDXcgsF2z8gt6dy7onXMaqm5rDx6eNofLPdhUyLCswW8Q==
  dependencies:
    "@tiptap/extension-code-block" "^2.0.0-beta.37"
    "@types/lowlight" "^0.0.3"
    lowlight "^1.20.0"
    prosemirror-model "^1.16.1"
    prosemirror-state "^1.3.4"
    prosemirror-view "^1.23.6"

"@tiptap/extension-code-block@^2.0.0-beta.37":
  version "2.0.0-beta.37"
  resolved "https://registry.yarnpkg.com/@tiptap/extension-code-block/-/extension-code-block-2.0.0-beta.37.tgz#c07c007248a21d9e0434458fd05c363b7078227f"
  integrity sha512-mJAM+PHaNoKRYwM3D36lZ51/aoPxxvZNQn3UBnZ6G7l0ZJSgB3JvBEzqK6S8nNFeYIIxGwv4QF6vXe4MG9ie2g==
  dependencies:
    prosemirror-state "^1.3.4"

"@tiptap/extension-document@^2.0.0-beta.15":
  version "2.0.0-beta.15"
  resolved "https://registry.yarnpkg.com/@tiptap/extension-document/-/extension-document-2.0.0-beta.15.tgz#5d17a0289244a913ab2ef08e8495a1e46950711e"
  integrity sha512-ypENC+xUYD5m2t+KOKNYqyXnanXd5fxyIyhR1qeEEwwQwMXGNrO3kCH6O4mIDCpy+/WqHvVay2tV5dVsXnvY8w==

"@tiptap/extension-dropcursor@^2.0.0-beta.25":
  version "2.0.0-beta.25"
  resolved "https://registry.yarnpkg.com/@tiptap/extension-dropcursor/-/extension-dropcursor-2.0.0-beta.25.tgz#962f290a200259533a26194daca5a4b4a53e72d3"
  integrity sha512-GYf5s6dkZtsDy+TEkrQK6kLbfbitG4qnk02D+FlhlJMI/Nnx8rYCRJbwEHDdqrfX7XwZzULMqqqHvzxZYrEeNg==
  dependencies:
    "@types/prosemirror-dropcursor" "^1.0.3"
    prosemirror-dropcursor "^1.4.0"

"@tiptap/extension-floating-menu@^2.0.0-beta.51":
  version "2.0.0-beta.51"
  resolved "https://registry.yarnpkg.com/@tiptap/extension-floating-menu/-/extension-floating-menu-2.0.0-beta.51.tgz#a1e53fd1c1d2ac00025d7f094d2b62eb08e81902"
  integrity sha512-rEe7jADK9xr2n2LJsrGEN3Dz7sEGC1JT/7AdTdaZBxQRQvwxTjomqYGrt+LnX+v0MYggh6swMzj7upJosnKbBg==
  dependencies:
    prosemirror-state "^1.3.4"
    prosemirror-view "^1.23.6"
    tippy.js "^6.3.7"

"@tiptap/extension-gapcursor@^2.0.0-beta.34":
  version "2.0.0-beta.34"
  resolved "https://registry.yarnpkg.com/@tiptap/extension-gapcursor/-/extension-gapcursor-2.0.0-beta.34.tgz#0e4971affb1621934422dd5fc4bf2dd7a84f70f7"
  integrity sha512-Vm8vMWWQ2kJcUOLfB5CEo5pYgyudI7JeeiZvX9ScPmUmgKVYhEpt3EAICY9pUYJ41aAVH35gZLXkUtsz2f9GHw==
  dependencies:
    "@types/prosemirror-gapcursor" "^1.0.4"
    prosemirror-gapcursor "^1.2.1"

"@tiptap/extension-heading@^2.0.0-beta.26":
  version "2.0.0-beta.26"
  resolved "https://registry.yarnpkg.com/@tiptap/extension-heading/-/extension-heading-2.0.0-beta.26.tgz#112b14b4d488772bda36abbf7cb2bc8aba7c42f5"
  integrity sha512-nR6W/3rjnZH1Swo7tGBoYsmO6xMvu9MGq6jlm3WVHCB7B3CsrRvCkTwGjVIbKTaZC4bQfx5gvAUpQFvwuU+M5w==

"@tiptap/extension-history@^2.0.0-beta.21":
  version "2.0.0-beta.21"
  resolved "https://registry.yarnpkg.com/@tiptap/extension-history/-/extension-history-2.0.0-beta.21.tgz#5d96a17a83a7130744f0757a3275dd5b11eb1bf7"
  integrity sha512-0v8Cl30V4dsabdpspLdk+f+lMoIvLFlJN5WRxtc7RRZ5gfJVxPHwooIKdvC51brfh/oJtWFCNMRjhoz0fRaF9A==
  dependencies:
    "@types/prosemirror-history" "^1.0.3"
    prosemirror-history "^1.2.0"

"@tiptap/extension-image@^2.0.0-beta.27":
  version "2.0.0-beta.27"
  resolved "https://registry.yarnpkg.com/@tiptap/extension-image/-/extension-image-2.0.0-beta.27.tgz#62152240cfa7ead03080c38485c1ebda4a603d18"
  integrity sha512-kdJ7V39yNdVWUco/RBe7WgvFevd81l+pU6+Je9HpelqBBP953wDttzLMuAWQB4AeLv9WhKSlORHiFv2SKsV5NA==

"@tiptap/extension-italic@^2.0.0-beta.26":
  version "2.0.0-beta.26"
  resolved "https://registry.yarnpkg.com/@tiptap/extension-italic/-/extension-italic-2.0.0-beta.26.tgz#b00c9e32b81b1bd94eaed24bb2a22e44d5dc54a3"
  integrity sha512-vejGe2ra4K5ipFOn1U9viqF9X9nPTX8WSJpSOux+9UbKjHpANy7bz69tp66OIi/Wh5L/MMDc+luH/04qfVnpZw==

"@tiptap/extension-link@^2.0.0-beta.37":
  version "2.0.0-beta.38"
  resolved "https://registry.yarnpkg.com/@tiptap/extension-link/-/extension-link-2.0.0-beta.38.tgz#e7fb0ebee0d557ef921bf3c7fa6a7c62335f66a5"
  integrity sha512-j+ygwq3cpDu5/8zPBcHyfgC5cuyO3jfV+2KcJw2I6Qi73y4Kwo3PW/leEYlSHkIt7i1zjyFHo/oDfC4K9x9eQg==
  dependencies:
    linkifyjs "^3.0.5"
    prosemirror-model "^1.16.1"
    prosemirror-state "^1.3.4"

"@tiptap/extension-list-item@^2.0.0-beta.20":
  version "2.0.0-beta.20"
  resolved "https://registry.yarnpkg.com/@tiptap/extension-list-item/-/extension-list-item-2.0.0-beta.20.tgz#7169528b226dee4590e013bdf6e5fc6d83729b0f"
  integrity sha512-5IPEspJt38t9ROj4xLUesOVEYlTT/R9Skd9meHRxJQZX1qrzBICs5PC/WRIsnexrvTBhdxpYgCYjpvpsJBlKuQ==

"@tiptap/extension-mention@^2.0.0-beta.96":
  version "2.0.0-beta.97"
  resolved "https://registry.yarnpkg.com/@tiptap/extension-mention/-/extension-mention-2.0.0-beta.97.tgz#29766057b4fed4621744af671053246bc6d9f69c"
  integrity sha512-XjcK9bdkFDutMlclwJA6e7Rl0hLOgz5gmye9zGwnJcHpkjiUE6GAG5wZcHifRbvb3uhoxFAlVoJjHQ99QS0dwA==
  dependencies:
    "@tiptap/suggestion" "^2.0.0-beta.92"
    prosemirror-model "^1.16.1"
    prosemirror-state "^1.3.4"

"@tiptap/extension-ordered-list@^2.0.0-beta.27":
  version "2.0.0-beta.27"
  resolved "https://registry.yarnpkg.com/@tiptap/extension-ordered-list/-/extension-ordered-list-2.0.0-beta.27.tgz#ed48a53a9b012d578613b68375db31e8664bfdc9"
  integrity sha512-apFDeignxdZb3cA3p1HJu0zw1JgJdBYUBz1r7f99qdNybYuk3I/1MPUvlOuOgvIrBB/wydoyVDP+v9F7QN3tfQ==

"@tiptap/extension-paragraph@^2.0.0-beta.23":
  version "2.0.0-beta.23"
  resolved "https://registry.yarnpkg.com/@tiptap/extension-paragraph/-/extension-paragraph-2.0.0-beta.23.tgz#2ab77308519494994d7a9e5a4acd14042f45f28c"
  integrity sha512-VWAxyzecErYWk97Kv/Gkghh97zAQTcaVOisEnYYArZAlyYDaYM48qVssAC/vnRRynP2eQxb1EkppbAxE+bMHAA==

"@tiptap/extension-placeholder@^2.0.0-beta.48":
  version "2.0.0-beta.48"
  resolved "https://registry.yarnpkg.com/@tiptap/extension-placeholder/-/extension-placeholder-2.0.0-beta.48.tgz#aff02fbdcd27772ff503b5f84a2f1d83da846006"
  integrity sha512-TZNGAHocPoV5DtB8Q5BwQU2uf5vDiwLxbgVHRAIme9P4VsVqa/U1i1TkyN5A5BVdfOzc+E4EOU7cKuyjy7DNyA==
  dependencies:
    prosemirror-model "^1.16.1"
    prosemirror-state "^1.3.4"
    prosemirror-view "^1.23.6"

"@tiptap/extension-table-cell@^2.0.0-beta.20":
  version "2.0.0-beta.20"
  resolved "https://registry.yarnpkg.com/@tiptap/extension-table-cell/-/extension-table-cell-2.0.0-beta.20.tgz#859456fe8d7276a87161006a3f9b3642b306524c"
  integrity sha512-IllQyxLQvgm1FAewz3U+DkgNHRthmuVrtUQnG6la45qdUOLCOrpFbRRaQ1LJ/BpbvZ2Xs1o2yAa97BqZOPwovQ==

"@tiptap/extension-table-header@^2.0.0-beta.22":
  version "2.0.0-beta.22"
  resolved "https://registry.yarnpkg.com/@tiptap/extension-table-header/-/extension-table-header-2.0.0-beta.22.tgz#a1672970d8985c383411bb21c18e71fc7e53e262"
  integrity sha512-nMrghrfl+ZS4EDixs3lgXnHw1Q+ECyTugpRvS36rP7b8GFp3GXm9DfbIAUzwGGfcq1D7DwRnJUDM6ARdWXyw0w==

"@tiptap/extension-table-row@^2.0.0-beta.19":
  version "2.0.0-beta.19"
  resolved "https://registry.yarnpkg.com/@tiptap/extension-table-row/-/extension-table-row-2.0.0-beta.19.tgz#b45e82f29dfcc7405440ba237b069dbb93d1a94a"
  integrity sha512-ldEVDpIUX7ZqbViTy4c/RfyNGRv++O/r3A/Ivuon1PykaDDTbPlp5JM89FunAD39cLAbo2HKtweqdmzCMlZsqA==

"@tiptap/extension-table@^2.0.0-beta.48":
  version "2.0.0-beta.49"
  resolved "https://registry.yarnpkg.com/@tiptap/extension-table/-/extension-table-2.0.0-beta.49.tgz#10e2fbc204290ae39b6768c9247f6aaced666776"
  integrity sha512-7irrvMUe9z/6Y8DcFwSuxaIVQ71VUUT1xxv6NZADvdf0HJWesCaTpVORISTnNuQdO5nwEyJXXJ5Ri/82YzWe0g==
  dependencies:
    "@types/prosemirror-model" "^1.16.0"
    "@types/prosemirror-state" "^1.2.8"
    prosemirror-model "^1.16.1"
    prosemirror-state "^1.3.4"
    prosemirror-tables "^1.1.1"
    prosemirror-view "^1.23.6"

"@tiptap/extension-text@^2.0.0-beta.15":
  version "2.0.0-beta.15"
  resolved "https://registry.yarnpkg.com/@tiptap/extension-text/-/extension-text-2.0.0-beta.15.tgz#f08cff1b78f1c6996464dfba1fef8ec1e107617f"
  integrity sha512-S3j2+HyV2gsXZP8Wg/HA+YVXQsZ3nrXgBM9HmGAxB0ESOO50l7LWfip0f3qcw1oRlh5H3iLPkA6/f7clD2/TFA==

"@tiptap/react@^2.0.0-beta.109":
  version "2.0.0-beta.109"
  resolved "https://registry.yarnpkg.com/@tiptap/react/-/react-2.0.0-beta.109.tgz#0998989f7f81e2f90a10fb37c55d531d7015bbee"
  integrity sha512-kx/I+9DbiKX+LPFYTQf1Mycbw4U77nRsuztMi5UyGoONnwVwVxOUN6sxdnsNX0uo/H0Rf5ZAtQn8vQBaTWPzsQ==
  dependencies:
    "@tiptap/extension-bubble-menu" "^2.0.0-beta.56"
    "@tiptap/extension-floating-menu" "^2.0.0-beta.51"
    prosemirror-view "^1.23.6"

"@tiptap/suggestion@^2.0.0-beta.92":
  version "2.0.0-beta.92"
  resolved "https://registry.yarnpkg.com/@tiptap/suggestion/-/suggestion-2.0.0-beta.92.tgz#dcd9139eb20b4b77ba1bfd0955a9b5a9a06cc40e"
  integrity sha512-pdGlGDuZID8pf0v1l2/AEITvtKIfnnKJt5aYjszc2Bs7lohGGVwUwXoyH+gJpIueVz7suGfvyNKzHFHGpGdPow==
  dependencies:
    prosemirror-model "^1.16.1"
    prosemirror-state "^1.3.4"
    prosemirror-view "^1.23.6"

"@types/hast@^2.0.0":
  version "2.3.4"
  resolved "https://registry.yarnpkg.com/@types/hast/-/hast-2.3.4.tgz#8aa5ef92c117d20d974a82bdfb6a648b08c0bafc"
  integrity sha512-wLEm0QvaoawEDoTRwzTXp4b4jpwiJDvR5KMnFnVodm3scufTlBOWRD6N1OBf9TZMhjlNsSfcO5V+7AF4+Vy+9g==
  dependencies:
    "@types/unist" "*"

"@types/lowlight@^0.0.3":
  version "0.0.3"
  resolved "https://registry.yarnpkg.com/@types/lowlight/-/lowlight-0.0.3.tgz#433b03dd63894dde17860063f4c90a688431194b"
  integrity sha512-R83q/yPX2nIlo9D3WtSjyUDd57t8s+GVLaL8YIv3k7zMMWpYpOXqjJgrWp80qXUJB/a1t76nTyBpxrv0JNYaEg==

"@types/orderedmap@*":
  version "1.0.0"
  resolved "https://registry.yarnpkg.com/@types/orderedmap/-/orderedmap-1.0.0.tgz#807455a192bba52cbbb4517044bc82bdbfa8c596"
  integrity sha512-dxKo80TqYx3YtBipHwA/SdFmMMyLCnP+5mkEqN0eMjcTBzHkiiX0ES118DsjDBjvD+zeSsSU9jULTZ+frog+Gw==

"@types/prop-types@*":
  version "15.7.5"
  resolved "https://registry.yarnpkg.com/@types/prop-types/-/prop-types-15.7.5.tgz#5f19d2b85a98e9558036f6a3cacc8819420f05cf"
  integrity sha512-JCB8C6SnDoQf0cNycqd/35A7MjcnK+ZTqE7judS6o7utxUCg6imJg3QK2qzHKszlTjcj2cn+NwMB2i96ubpj7w==

"@types/prosemirror-commands@*", "@types/prosemirror-commands@^1.0.4":
  version "1.0.4"
  resolved "https://registry.yarnpkg.com/@types/prosemirror-commands/-/prosemirror-commands-1.0.4.tgz#d08551415127d93ae62e7239d30db0b5e7208e22"
  integrity sha512-utDNYB3EXLjAfYIcRWJe6pn3kcQ5kG4RijbT/0Y/TFOm6yhvYS/D9eJVnijdg9LDjykapcezchxGRqFD5LcyaQ==
  dependencies:
    "@types/prosemirror-model" "*"
    "@types/prosemirror-state" "*"
    "@types/prosemirror-view" "*"

"@types/prosemirror-dropcursor@^1.0.3":
  version "1.0.3"
  resolved "https://registry.yarnpkg.com/@types/prosemirror-dropcursor/-/prosemirror-dropcursor-1.0.3.tgz#49250849b8a0b86e8c29eb1ba70a463e53e46947"
  integrity sha512-b0/8njnJ4lwyHKcGuCMf3x7r1KjxyugB1R/c2iMCjplsJHSC7UY9+OysqgJR5uUXRekUSGniiLgBtac/lvH6wg==
  dependencies:
    "@types/prosemirror-state" "*"

"@types/prosemirror-gapcursor@^1.0.4":
  version "1.0.4"
  resolved "https://registry.yarnpkg.com/@types/prosemirror-gapcursor/-/prosemirror-gapcursor-1.0.4.tgz#7df7d373edb33ea8da12084bfd462cf84cd69761"
  integrity sha512-9xKjFIG5947dzerFvkLWp6F53JwrUYoYwh3SgcTFEp8SbSfNNrez/PFYVZKPnoqPoaK5WtTdQTaMwpCV9rXQIg==
  dependencies:
    "@types/prosemirror-model" "*"
    "@types/prosemirror-state" "*"

"@types/prosemirror-history@^1.0.3":
  version "1.0.3"
  resolved "https://registry.yarnpkg.com/@types/prosemirror-history/-/prosemirror-history-1.0.3.tgz#f1110efbe758129b5475e466ff077f0a8d9b964f"
  integrity sha512-5TloMDRavgLjOAKXp1Li8u0xcsspzbT1Cm9F2pwHOkgvQOz1jWQb2VIXO7RVNsFjLBZdIXlyfSLivro3DuMWXg==
  dependencies:
    "@types/prosemirror-model" "*"
    "@types/prosemirror-state" "*"

"@types/prosemirror-keymap@^1.0.4":
  version "1.0.4"
  resolved "https://registry.yarnpkg.com/@types/prosemirror-keymap/-/prosemirror-keymap-1.0.4.tgz#f73c79810e8d0e0a20d153d84f998f02e5afbc0c"
  integrity sha512-ycevwkqUh+jEQtPwqO7sWGcm+Sybmhu8MpBsM8DlO3+YTKnXbKA6SDz/+q14q1wK3UA8lHJyfR+v+GPxfUSemg==
  dependencies:
    "@types/prosemirror-commands" "*"
    "@types/prosemirror-model" "*"
    "@types/prosemirror-state" "*"
    "@types/prosemirror-view" "*"

"@types/prosemirror-model@*", "@types/prosemirror-model@^1.16.0":
  version "1.16.2"
  resolved "https://registry.yarnpkg.com/@types/prosemirror-model/-/prosemirror-model-1.16.2.tgz#8896adac3a5d5d66f06491bb13940aa734a7b6e8"
  integrity sha512-1XPJopkKP3oHSBP61uuSuW13DIDZPWvAzP6Pv2/6mixk8EBPUeRGIW548DjJTicMo23gEg1zvCZy9asblQdWag==
  dependencies:
    "@types/orderedmap" "*"

"@types/prosemirror-schema-list@^1.0.3":
  version "1.0.3"
  resolved "https://registry.yarnpkg.com/@types/prosemirror-schema-list/-/prosemirror-schema-list-1.0.3.tgz#bdf1893a7915fbdc5c49b3cac9368e96213d70de"
  integrity sha512-uWybOf+M2Ea7rlbs0yLsS4YJYNGXYtn4N+w8HCw3Vvfl6wBAROzlMt0gV/D/VW/7J/LlAjwMezuGe8xi24HzXA==
  dependencies:
    "@types/orderedmap" "*"
    "@types/prosemirror-model" "*"
    "@types/prosemirror-state" "*"

"@types/prosemirror-state@*", "@types/prosemirror-state@^1.2.8":
  version "1.3.0"
  resolved "https://registry.yarnpkg.com/@types/prosemirror-state/-/prosemirror-state-1.3.0.tgz#7fd25db7244c027eef0849d79b112a8a0dfbb483"
  integrity sha512-nMdUF6w8B++NH4V54X+4GvDty7M02UfuHQW0s1AS25Z4ZrOW4RSY2+s57doXBbeMSjzYV/QoMxCY2sT3KQ2VdQ==
  dependencies:
    "@types/prosemirror-model" "*"
    "@types/prosemirror-transform" "*"
    "@types/prosemirror-view" "*"

"@types/prosemirror-transform@*", "@types/prosemirror-transform@^1.1.5":
  version "1.4.2"
  resolved "https://registry.yarnpkg.com/@types/prosemirror-transform/-/prosemirror-transform-1.4.2.tgz#0be91da7ee962c40c19ae1db1e4bf5b6e7ee6914"
  integrity sha512-FZNzjYm6YUkb1XXOrw2193TiFzwM92ui1nycNaRSd5JDbugf9yBLkXm4Rq3HGJJxBBkRcUE8niqUW5aWlXQQiQ==
  dependencies:
    "@types/prosemirror-model" "*"

"@types/prosemirror-view@*", "@types/prosemirror-view@^1.23.1":
  version "1.23.3"
  resolved "https://registry.yarnpkg.com/@types/prosemirror-view/-/prosemirror-view-1.23.3.tgz#8ad847fc45b9c7eba8362fccdafc7144c491ea35"
  integrity sha512-T5dPDmZiXAazJVSvnx55D6h4mcpiH2q2wTyO9zIeOdox5zx964+zcDl9dFNaXG3qCGlERwMPckhBZL1HCxyygw==
  dependencies:
    "@types/prosemirror-model" "*"
    "@types/prosemirror-state" "*"
    "@types/prosemirror-transform" "*"

"@types/react@^18.0.12":
  version "18.0.12"
  resolved "https://registry.yarnpkg.com/@types/react/-/react-18.0.12.tgz#cdaa209d0a542b3fcf69cf31a03976ec4cdd8840"
  integrity sha512-duF1OTASSBQtcigUvhuiTB1Ya3OvSy+xORCiEf20H0P0lzx+/KeVsA99U5UjLXSbyo1DRJDlLKqTeM1ngosqtg==
  dependencies:
    "@types/prop-types" "*"
    "@types/scheduler" "*"
    csstype "^3.0.2"

"@types/scheduler@*":
  version "0.16.2"
  resolved "https://registry.yarnpkg.com/@types/scheduler/-/scheduler-0.16.2.tgz#1a62f89525723dde24ba1b01b092bf5df8ad4d39"
  integrity sha512-hppQEBDmlwhFAXKJX2KnWLYu5yMfi91yazPb2l+lbJiwW+wdo1gNeRA+3RgNSO39WYX2euey41KEwnqesU2Jew==

"@types/unist@*":
  version "2.0.6"
  resolved "https://registry.yarnpkg.com/@types/unist/-/unist-2.0.6.tgz#250a7b16c3b91f672a24552ec64678eeb1d3a08d"
  integrity sha512-PBjIUxZHOuj0R15/xuwJYjFi+KZdNFrehocChv4g5hu6aFroHue8m0lBP0POdK2nKzbw0cgV1mws8+V/JAcEkQ==

csstype@^3.0.2:
  version "3.1.0"
  resolved "https://registry.yarnpkg.com/csstype/-/csstype-3.1.0.tgz#4ddcac3718d787cf9df0d1b7d15033925c8f29f2"
  integrity sha512-uX1KG+x9h5hIJsaKR9xHUeUraxf8IODOwq9JLNPq6BwB04a/xgpq3rcx47l5BZu5zBPlgD342tdke3Hom/nJRA==

fault@^1.0.0:
  version "1.0.4"
  resolved "https://registry.yarnpkg.com/fault/-/fault-1.0.4.tgz#eafcfc0a6d214fc94601e170df29954a4f842f13"
  integrity sha512-CJ0HCB5tL5fYTEA7ToAq5+kTwd++Borf1/bifxd9iT70QcXr4MRrO3Llf8Ifs70q+SJcGHFtnIE/Nw6giCtECA==
  dependencies:
    format "^0.2.0"

fault@^2.0.0:
  version "2.0.1"
  resolved "https://registry.yarnpkg.com/fault/-/fault-2.0.1.tgz#d47ca9f37ca26e4bd38374a7c500b5a384755b6c"
  integrity sha512-WtySTkS4OKev5JtpHXnib4Gxiurzh5NCGvWrFaZ34m6JehfTUhKZvn9njTfw48t6JumVQOmrKqpmGcdwxnhqBQ==
  dependencies:
    format "^0.2.0"

format@^0.2.0:
  version "0.2.2"
  resolved "https://registry.yarnpkg.com/format/-/format-0.2.2.tgz#d6170107e9efdc4ed30c9dc39016df942b5cb58b"
  integrity sha512-wzsgA6WOq+09wrU1tsJ09udeR/YZRaeArL9e1wPbFg3GG2yDnC2ldKpxs4xunpFF9DgqCqOIra3bc1HWrJ37Ww==

highlight.js@~10.7.0:
  version "10.7.3"
  resolved "https://registry.yarnpkg.com/highlight.js/-/highlight.js-10.7.3.tgz#697272e3991356e40c3cac566a74eef681756531"
  integrity sha512-tzcUFauisWKNHaRkN4Wjl/ZA07gENAjFl3J/c480dprkGTg5EQstgaNFqBfUqCq54kZRIEcreTsAgF/m2quD7A==

highlight.js@~11.5.0:
  version "11.5.1"
  resolved "https://registry.yarnpkg.com/highlight.js/-/highlight.js-11.5.1.tgz#027c24e4509e2f4dcd00b4a6dda542ce0a1f7aea"
  integrity sha512-LKzHqnxr4CrD2YsNoIf/o5nJ09j4yi/GcH5BnYz9UnVpZdS4ucMgvP61TDty5xJcFGRjnH4DpujkS9bHT3hq0Q==

"js-tokens@^3.0.0 || ^4.0.0":
  version "4.0.0"
  resolved "https://registry.yarnpkg.com/js-tokens/-/js-tokens-4.0.0.tgz#19203fb59991df98e3a287050d4647cdeaf32499"
  integrity sha512-RdJUflcE3cUzKiMqQgsCu06FPu9UdIJO0beYbPhHN4k6apgJtifcoCtT9bcxOpYBtpD2kCM6Sbzg4CausW/PKQ==

linkifyjs@^3.0.5:
  version "3.0.5"
  resolved "https://registry.yarnpkg.com/linkifyjs/-/linkifyjs-3.0.5.tgz#99e51a3a0c0e232fcb63ebb89eea3ff923378f34"
  integrity sha512-1Y9XQH65eQKA9p2xtk+zxvnTeQBG7rdAXSkUG97DmuI/Xhji9uaUzaWxRj6rf9YC0v8KKHkxav7tnLX82Sz5Fg==

loose-envify@^1.1.0:
  version "1.4.0"
  resolved "https://registry.yarnpkg.com/loose-envify/-/loose-envify-1.4.0.tgz#71ee51fa7be4caec1a63839f7e682d8132d30caf"
  integrity sha512-lyuxPGr/Wfhrlem2CL/UcnUc1zcqKAImBDzukY7Y5F/yQiNdko6+fRLevlw1HgMySw7f611UIY408EtxRSoK3Q==
  dependencies:
    js-tokens "^3.0.0 || ^4.0.0"

lowlight@^1.20.0:
  version "1.20.0"
  resolved "https://registry.yarnpkg.com/lowlight/-/lowlight-1.20.0.tgz#ddb197d33462ad0d93bf19d17b6c301aa3941888"
  integrity sha512-8Ktj+prEb1RoCPkEOrPMYUN/nCggB7qAWe3a7OpMjWQkh3l2RD5wKRQ+o8Q8YuI9RG/xs95waaI/E6ym/7NsTw==
  dependencies:
    fault "^1.0.0"
    highlight.js "~10.7.0"

lowlight@^2.6.1:
  version "2.6.1"
  resolved "https://registry.yarnpkg.com/lowlight/-/lowlight-2.6.1.tgz#d3cbc7ae0530c848e512b8e6528609587520b44f"
  integrity sha512-t0ueDL6SIn9FKHipm78CNjWcJQv0xi6WCjYAICyO6GyPzoT7E58yom1mNwvI7AMwVe3pLwwFT0Bt2gml7uaUeQ==
  dependencies:
    "@types/hast" "^2.0.0"
    fault "^2.0.0"
    highlight.js "~11.5.0"

orderedmap@^1.1.0:
  version "1.1.8"
  resolved "https://registry.yarnpkg.com/orderedmap/-/orderedmap-1.1.8.tgz#9652b2584f721c1032fa04cb60d442b3d4aa097c"
  integrity sha512-eWEYOAggZZpZbJ9CTsqAKOTxlbBHdHZ8pzcfEvNTxGrjQ/m+Q25nSWUiMlT9MTbgpB6FOiBDKqsgJ2FlLDVNaw==

prosemirror-commands@^1.2.1:
  version "1.3.0"
  resolved "https://registry.yarnpkg.com/prosemirror-commands/-/prosemirror-commands-1.3.0.tgz#361b2e2b2a347ce7453386459f97c3f549a1113b"
  integrity sha512-BwBbZ5OAScPcm0x7H8SPbqjuEJnCU2RJT9LDyOiiIl/3NbL1nJZI4SFNHwU2e/tRr2Xe7JsptpzseqvZvToLBQ==
  dependencies:
    prosemirror-model "^1.0.0"
    prosemirror-state "^1.0.0"
    prosemirror-transform "^1.0.0"

prosemirror-dropcursor@^1.4.0:
  version "1.5.0"
  resolved "https://registry.yarnpkg.com/prosemirror-dropcursor/-/prosemirror-dropcursor-1.5.0.tgz#edbc61d6f71f9f924130eec8e85b0861357957c9"
  integrity sha512-vy7i77ddKyXlu8kKBB3nlxLBnsWyKUmQIPB5x8RkYNh01QNp/qqGmdd5yZefJs0s3rtv5r7Izfu2qbtr+tYAMQ==
  dependencies:
    prosemirror-state "^1.0.0"
    prosemirror-transform "^1.1.0"
    prosemirror-view "^1.1.0"

prosemirror-gapcursor@^1.2.1:
  version "1.3.1"
  resolved "https://registry.yarnpkg.com/prosemirror-gapcursor/-/prosemirror-gapcursor-1.3.1.tgz#8cfd874592e4504d63720e14ed680c7866e64554"
  integrity sha512-GKTeE7ZoMsx5uVfc51/ouwMFPq0o8YrZ7Hx4jTF4EeGbXxBveUV8CGv46mSHuBBeXGmvu50guoV2kSnOeZZnUA==
  dependencies:
    prosemirror-keymap "^1.0.0"
    prosemirror-model "^1.0.0"
    prosemirror-state "^1.0.0"
    prosemirror-view "^1.0.0"

prosemirror-history@^1.2.0:
  version "1.3.0"
  resolved "https://registry.yarnpkg.com/prosemirror-history/-/prosemirror-history-1.3.0.tgz#bf5a1ff7759aca759ddf0c722c2fa5b14fb0ddc1"
  integrity sha512-qo/9Wn4B/Bq89/YD+eNWFbAytu6dmIM85EhID+fz9Jcl9+DfGEo8TTSrRhP15+fFEoaPqpHSxlvSzSEbmlxlUA==
  dependencies:
    prosemirror-state "^1.2.2"
    prosemirror-transform "^1.0.0"
    rope-sequence "^1.3.0"

prosemirror-keymap@^1.0.0, prosemirror-keymap@^1.1.2, prosemirror-keymap@^1.1.5:
  version "1.2.0"
  resolved "https://registry.yarnpkg.com/prosemirror-keymap/-/prosemirror-keymap-1.2.0.tgz#d5cc9da9b712020690a994b50b92a0e448a60bf5"
  integrity sha512-TdSfu+YyLDd54ufN/ZeD1VtBRYpgZnTPnnbY+4R08DDgs84KrIPEPbJL8t1Lm2dkljFx6xeBE26YWH3aIzkPKg==
  dependencies:
    prosemirror-state "^1.0.0"
    w3c-keyname "^2.2.0"

prosemirror-model@^1.0.0, prosemirror-model@^1.16.0, prosemirror-model@^1.16.1, prosemirror-model@^1.8.1:
  version "1.18.0"
  resolved "https://registry.yarnpkg.com/prosemirror-model/-/prosemirror-model-1.18.0.tgz#8c360ed65a6ec9dd2fb899b5f5ceeb5f5f689ee0"
  integrity sha512-EZLl0mvVIixEL1V538GsPP4Iw+D83gBRdLcjL7VouzoPPWlhhv/0Y0V9ttT5lUhF7jieIrNHOa3XNFs1FwgrOw==
  dependencies:
    orderedmap "^1.1.0"

prosemirror-schema-list@^1.1.6:
  version "1.2.0"
  resolved "https://registry.yarnpkg.com/prosemirror-schema-list/-/prosemirror-schema-list-1.2.0.tgz#1932268593a7396c0ac168cbe31f28187406ce24"
  integrity sha512-8PT/9xOx1HHdC7fDNNfhQ50Z8Mzu7nKyA1KCDltSpcZVZIbB0k7KtsHrnXyuIhbLlScoymBiLZ00c5MH6wdFsA==
  dependencies:
    prosemirror-model "^1.0.0"
    prosemirror-state "^1.0.0"
    prosemirror-transform "^1.0.0"

prosemirror-state@^1.0.0, prosemirror-state@^1.2.2, prosemirror-state@^1.3.1, prosemirror-state@^1.3.4:
  version "1.4.0"
  resolved "https://registry.yarnpkg.com/prosemirror-state/-/prosemirror-state-1.4.0.tgz#0b0c23b38d9f5bb23d19ad043cf8453d876c0414"
  integrity sha512-mVDZdjNX/YT5FvypiwbphJe9psA5h+j9apsSszVRFc6oKFoIInvzdujh8QW9f9lwHtSYajLxNiM1hPhd0Sl1XA==
  dependencies:
    prosemirror-model "^1.0.0"
    prosemirror-transform "^1.0.0"

prosemirror-tables@^1.1.1:
  version "1.1.1"
  resolved "https://registry.yarnpkg.com/prosemirror-tables/-/prosemirror-tables-1.1.1.tgz#ad66300cc49500455cf1243bb129c9e7d883321e"
  integrity sha512-LmCz4jrlqQZRsYRDzCRYf/pQ5CUcSOyqZlAj5kv67ZWBH1SVLP2U9WJEvQfimWgeRlIz0y0PQVqO1arRm1+woA==
  dependencies:
    prosemirror-keymap "^1.1.2"
    prosemirror-model "^1.8.1"
    prosemirror-state "^1.3.1"
    prosemirror-transform "^1.2.1"
    prosemirror-view "^1.13.3"

prosemirror-transform@^1.0.0, prosemirror-transform@^1.1.0, prosemirror-transform@^1.2.1, prosemirror-transform@^1.3.3:
  version "1.6.0"
  resolved "https://registry.yarnpkg.com/prosemirror-transform/-/prosemirror-transform-1.6.0.tgz#8162dbfaf124f9253a7ab28605a9460411a96a53"
  integrity sha512-MAp7AjsjEGEqQY0sSMufNIUuEyB1ZR9Fqlm8dTwwWwpEJRv/plsKjWXBbx52q3Ml8MtaMcd7ic14zAHVB3WaMw==
  dependencies:
    prosemirror-model "^1.0.0"

prosemirror-view@^1.0.0, prosemirror-view@^1.1.0, prosemirror-view@^1.13.3, prosemirror-view@^1.23.6:
  version "1.26.1"
  resolved "https://registry.yarnpkg.com/prosemirror-view/-/prosemirror-view-1.26.1.tgz#fcb6f6e6ca8712714bf7b84bfcdd49fb4617f48b"
  integrity sha512-8MEuEFQ64zoIRSz24A97WhtSqtZynTwTsECt0kOh0TotNx/YRPKWozEmUJUmJGUYsFowZNdsI0gm1bvX1x3/9Q==
  dependencies:
    prosemirror-model "^1.16.0"
    prosemirror-state "^1.0.0"
    prosemirror-transform "^1.1.0"

react@^18.1.0:
  version "18.1.0"
  resolved "https://registry.yarnpkg.com/react/-/react-18.1.0.tgz#6f8620382decb17fdc5cc223a115e2adbf104890"
  integrity sha512-4oL8ivCz5ZEPyclFQXaNksK3adutVS8l2xzZU0cqEFrE9Sb7fC0EFK5uEk74wIreL1DERyjvsU915j1pcT2uEQ==
  dependencies:
    loose-envify "^1.1.0"

rope-sequence@^1.3.0:
  version "1.3.3"
  resolved "https://registry.yarnpkg.com/rope-sequence/-/rope-sequence-1.3.3.tgz#3f67fc106288b84b71532b4a5fd9d4881e4457f0"
  integrity sha512-85aZYCxweiD5J8yTEbw+E6A27zSnLPNDL0WfPdw3YYodq7WjnTKo0q4dtyQ2gz23iPT8Q9CUyJtAaUNcTxRf5Q==

tippy.js@^6.3.7:
  version "6.3.7"
  resolved "https://registry.yarnpkg.com/tippy.js/-/tippy.js-6.3.7.tgz#8ccfb651d642010ed9a32ff29b0e9e19c5b8c61c"
  integrity sha512-E1d3oP2emgJ9dRQZdf3Kkn0qJgI6ZLpyS5z6ZkY1DF3kaQaBsGZsndEpHwx+eC+tYM41HaSNvNtLx8tU57FzTQ==
  dependencies:
    "@popperjs/core" "^2.9.0"

typescript@^4.6.3:
  version "4.7.3"
  resolved "https://registry.yarnpkg.com/typescript/-/typescript-4.7.3.tgz#8364b502d5257b540f9de4c40be84c98e23a129d"
  integrity sha512-WOkT3XYvrpXx4vMMqlD+8R8R37fZkjyLGlxavMc4iB8lrl8L0DeTcHbYgw/v0N/z9wAFsgBhcsF0ruoySS22mA==

w3c-keyname@^2.2.0:
  version "2.2.4"
  resolved "https://registry.yarnpkg.com/w3c-keyname/-/w3c-keyname-2.2.4.tgz#4ade6916f6290224cdbd1db8ac49eab03d0eef6b"
  integrity sha512-tOhfEwEzFLJzf6d1ZPkYfGj+FWhIpBux9ppoP3rlclw3Z0BZv3N7b7030Z1kYth+6rDuAsXUFr+d0VE6Ed1ikw==
